
Microsoft Visual Studio Solution File, Format Version 12.00
# Visual Studio Version 16
VisualStudioVersion = 16.0.30711.63
MinimumVisualStudioVersion = 10.0.40219.1
Project("{FAE04EC0-301F-11D3-BF4B-00C04F79EFBC}") = "RESTful-Api-Exp2", "RESTful-Api-Exp2\RESTful-Api-Exp2.csproj", "{25DA8761-6A85-4E60-9826-FB9C83D75FD5}"
EndProject
Global
	GlobalSection(SolutionConfigurationPlatforms) = preSolution
		Debug|Any CPU = Debug|Any CPU
		Release|Any CPU = Release|Any CPU
	EndGlobalSection
	GlobalSection(ProjectConfigurationPlatforms) = postSolution
		{25DA8761-6A85-4E60-9826-FB9C83D75FD5}.Debug|Any CPU.ActiveCfg = Debug|Any CPU
		{25DA8761-6A85-4E60-9826-FB9C83D75FD5}.Debug|Any CPU.Build.0 = Debug|Any CPU
		{25DA8761-6A85-4E60-9826-FB9C83D75FD5}.Release|Any CPU.ActiveCfg = Release|Any CPU
		{25DA8761-6A85-4E60-9826-FB9C83D75FD5}.Release|Any CPU.Build.0 = Release|Any CPU
	EndGlobalSection
	GlobalSection(SolutionProperties) = preSolution
		HideSolutionNode = FALSE
	EndGlobalSection
	GlobalSection(ExtensibilityGlobals) = postSolution
		SolutionGuid = {43637223-26E1-4F2B-BEA8-13E166DF3A97}
	EndGlobalSection
EndGlobal
